
Microsoft Visual Studio Solution File, Format Version 12.00
# Visual Studio 15
VisualStudioVersion = 15.0.28010.2016
MinimumVisualStudioVersion = 10.0.40219.1
Project("{FAE04EC0-301F-11D3-BF4B-00C04F79EFBC}") = "TRMDataManager", "TRMDataManager\TRMDataManager.csproj", "{319C97D6-CE29-4AFD-9768-69D18242B027}"
EndProject
Project("{00D1A9C2-B5F0-4AF3-8072-F6C62B433612}") = "TRMData", "TRMData\TRMData.sqlproj", "{3C79DBEF-F496-45E5-9636-CC1E0DD7A49A}"
EndProject
Global
	GlobalSection(SolutionConfigurationPlatforms) = preSolution
		Debug|Any CPU = Debug|Any CPU
		Release|Any CPU = Release|Any CPU
	EndGlobalSection
	GlobalSection(ProjectConfigurationPlatforms) = postSolution
		{319C97D6-CE29-4AFD-9768-69D18242B027}.Debug|Any CPU.ActiveCfg = Debug|Any CPU
		{319C97D6-CE29-4AFD-9768-69D18242B027}.Debug|Any CPU.Build.0 = Debug|Any CPU
		{319C97D6-CE29-4AFD-9768-69D18242B027}.Release|Any CPU.ActiveCfg = Release|Any CPU
		{319C97D6-CE29-4AFD-9768-69D18242B027}.Release|Any CPU.Build.0 = Release|Any CPU
		{3C79DBEF-F496-45E5-9636-CC1E0DD7A49A}.Debug|Any CPU.ActiveCfg = Debug|Any CPU
		{3C79DBEF-F496-45E5-9636-CC1E0DD7A49A}.Debug|Any CPU.Build.0 = Debug|Any CPU
		{3C79DBEF-F496-45E5-9636-CC1E0DD7A49A}.Debug|Any CPU.Deploy.0 = Debug|Any CPU
		{3C79DBEF-F496-45E5-9636-CC1E0DD7A49A}.Release|Any CPU.ActiveCfg = Release|Any CPU
		{3C79DBEF-F496-45E5-9636-CC1E0DD7A49A}.Release|Any CPU.Build.0 = Release|Any CPU
		{3C79DBEF-F496-45E5-9636-CC1E0DD7A49A}.Release|Any CPU.Deploy.0 = Release|Any CPU
	EndGlobalSection
	GlobalSection(SolutionProperties) = preSolution
		HideSolutionNode = FALSE
	EndGlobalSection
	GlobalSection(ExtensibilityGlobals) = postSolution
		SolutionGuid = {B7BED8B4-1D66-4D31-A3D0-EF497B8401C4}
	EndGlobalSection
EndGlobal
